{
  "name": "@stackrox/platform-app",
  "version": "0.0.0",
  "lockfileVersion": 3,
  "requires": true,
  "packages": {
    "": {
      "name": "@stackrox/platform-app",
      "version": "0.0.0",
      "license": "UNLICENSED",
      "dependencies": [],
      "devDependencies": []
    },
    "node_modules/@aashutoshrathi/word-wrap": {
      "version": "1.2.6",
      "resolved": "https://registry.npmjs.org/@aashutoshrathi/word-wrap/-/word-wrap-1.2.6.tgz",
      "integrity": "sha1-vZFUrsmYP3ezoDTsqgFcLkIB9s8= sha512-1Yjs2SvM8TflER/OD3cOjhWWOZb58A2t7wpE2S9XfBYTiIl+XFhQG2bjy4Pu1I+EAlCNUzRDYDdFwFYUKvXcIA==",
      "dev": true,
      "engines": {
        "node": ">=0.10.0"
      }
    },
    "node_modules/@adobe/css-tools": {
      "version": "4.3.2",
      "resolved": "https://registry.npmjs.org/@adobe/css-tools/-/css-tools-4.3.2.tgz",
      "integrity": "sha1-pqvHFftohIUfyp2tN/w0c5oE/RE= sha512-DA5a1C0gD/pLOvhv33YMrbf2FK3oUzwNl9oOJqE4XVjuEtt6XIakRcsd7eLiOSPkp1kTRQGICTA8cKra/vFbjw==",
      "dev": true
    },
    "node_modules/yup/node_modules/type-fest": {
      "version": "2.19.0",
      "resolved": "https://registry.npmjs.org/type-fest/-/type-fest-2.19.0.tgz",
      "integrity": "sha1-iAaAFbszA2pZi5UuVekxGmD9Ops= sha512-RAH822pAdBgcNMAfWnCBU3CFZcfZ/i1eZjwFU/dsLKumyuuP3niueg2UAukXYF0E2AAoc82ZSSf9J0WQBinzHA==",
      "engines": {
        "node": ">=12.20"
      },
      "funding": {
        "url": "https://github.com/sponsors/sindresorhus"
      }
    },
    "node_modules/@apollo/client": {
      "version": "3.8.7",
      "resolved": "https://registry.npmjs.org/@apollo/client/-/client-3.8.7.tgz",
      "integrity": "sha1-CQsVGPUTUDuaamkO4+rsSVKYIuE= sha512-DnQtFkQrCyxHTSa9gR84YRLmU/al6HeXcLZazVe+VxKBmx/Hj4rV8xWtzfWYX5ijartsqDR7SJgV037MATEecA==",
      "dependencies": {
        "@graphql-typed-document-node/core": "^3.1.1",
        "@wry/context": "^0.7.3",
        "@wry/equality": "^0.5.6",
        "@wry/trie": "^0.4.3",
        "graphql-tag": "^2.12.6",
        "hoist-non-react-statics": "^3.3.2",
        "optimism": "^0.17.5",
        "prop-types": "^15.7.2",
        "response-iterator": "^0.2.6",
        "symbol-observable": "^4.0.0",
        "ts-invariant": "^0.10.3",
        "tslib": "^2.3.0",
        "zen-observable-ts": "^1.2.5"
      },
      "peerDependencies": {
        "graphql": "^14.0.0 || ^15.0.0 || ^16.0.0",
        "graphql-ws": "^5.5.5",
        "react": "^16.8.0 || ^17.0.0 || ^18.0.0",
        "react-dom": "^16.8.0 || ^17.0.0 || ^18.0.0",
        "subscriptions-transport-ws": "^0.9.0 || ^0.11.0"
      },
      "peerDependenciesMeta": {
        "graphql-ws": {
          "optional": true
        },
        "react": {
          "optional": true
        },
        "react-dom": {
          "optional": true
        },
        "subscriptions-transport-ws": {
          "optional": true
        }
      }
    }
  }
}
